// !$*UTF8*$!
{
	archiveVersion = 1;
	classes = {
	};
	objectVersion = 46;
	objects = {

/* Begin PBXBuildFile section */
		EE0DE8A71783EBB000693C77 /* UIKit.framework in Frameworks */ = {isa = PBXBuildFile; fileRef = EE0DE8A61783EBB000693C77 /* UIKit.framework */; };
		EE0DE8A91783EBB000693C77 /* Foundation.framework in Frameworks */ = {isa = PBXBuildFile; fileRef = EE0DE8A81783EBB000693C77 /* Foundation.framework */; };
		EE0DE8AB1783EBB000693C77 /* CoreGraphics.framework in Frameworks */ = {isa = PBXBuildFile; fileRef = EE0DE8AA1783EBB000693C77 /* CoreGraphics.framework */; };
		EE0DE8B11783EBB000693C77 /* InfoPlist.strings in Resources */ = {isa = PBXBuildFile; fileRef = EE0DE8AF1783EBB000693C77 /* InfoPlist.strings */; };
		EE0DE8B31783EBB000693C77 /* main.m in Sources */ = {isa = PBXBuildFile; fileRef = EE0DE8B21783EBB000693C77 /* main.m */; };
		EE0DE8B71783EBB000693C77 /* AppDelegate.m in Sources */ = {isa = PBXBuildFile; fileRef = EE0DE8B61783EBB000693C77 /* AppDelegate.m */; };
		EE0DE8B91783EBB000693C77 /* Default.png in Resources */ = {isa = PBXBuildFile; fileRef = EE0DE8B81783EBB000693C77 /* Default.png */; };
		EE0DE8BB1783EBB000693C77 /* Default@2x.png in Resources */ = {isa = PBXBuildFile; fileRef = EE0DE8BA1783EBB000693C77 /* Default@2x.png */; };
		EE0DE8BD1783EBB000693C77 /* Default-568h@2x.png in Resources */ = {isa = PBXBuildFile; fileRef = EE0DE8BC1783EBB000693C77 /* Default-568h@2x.png */; };
		EE0DE8C01783EBB000693C77 /* ViewController.m in Sources */ = {isa = PBXBuildFile; fileRef = EE0DE8BF1783EBB000693C77 /* ViewController.m */; };
		EE0DE8C31783EBB000693C77 /* ViewController_iPhone.xib in Resources */ = {isa = PBXBuildFile; fileRef = EE0DE8C11783EBB000693C77 /* ViewController_iPhone.xib */; };
		EE0DE8C61783EBB000693C77 /* ViewController_iPad.xib in Resources */ = {isa = PBXBuildFile; fileRef = EE0DE8C41783EBB000693C77 /* ViewController_iPad.xib */; };
		EE3E835718C89279007D351F /* NSString+Symbol.m in Sources */ = {isa = PBXBuildFile; fileRef = EE3E835618C89279007D351F /* NSString+Symbol.m */; };
		EE50AEAD18FFAE7A005E1C6C /* LeoBook.m in Sources */ = {isa = PBXBuildFile; fileRef = EE50AEAC18FFAE7A005E1C6C /* LeoBook.m */; };
		EE573AA918E1490000F67FE7 /* LeoSingleton.m in Sources */ = {isa = PBXBuildFile; fileRef = EE573AA818E1490000F67FE7 /* LeoSingleton.m */; };
		EE573AAD18E16C7400F67FE7 /* LeoDelegate.m in Sources */ = {isa = PBXBuildFile; fileRef = EE573AAC18E16C7400F67FE7 /* LeoDelegate.m */; };
		EE9A9E7A18FB7E360095C315 /* AbstractorLayParty.m in Sources */ = {isa = PBXBuildFile; fileRef = EE9A9E7918FB7E360095C315 /* AbstractorLayParty.m */; };
		EE9A9E7D18FB7F3F0095C315 /* LeoAccuser.m in Sources */ = {isa = PBXBuildFile; fileRef = EE9A9E7C18FB7F3F0095C315 /* LeoAccuser.m */; };
		EE9A9E8018FB7F960095C315 /* LeoDefendant.m in Sources */ = {isa = PBXBuildFile; fileRef = EE9A9E7F18FB7F960095C315 /* LeoDefendant.m */; };
		EE9A9E8318FB7FB20095C315 /* LeoLawyer.m in Sources */ = {isa = PBXBuildFile; fileRef = EE9A9E8218FB7FB20095C315 /* LeoLawyer.m */; };
		EEC40BCC18E93DD10090F346 /* WhiteCarFactory.m in Sources */ = {isa = PBXBuildFile; fileRef = EEC40BCB18E93DD10090F346 /* WhiteCarFactory.m */; };
		EEC40BCF18E93DF60090F346 /* WhiteCar.m in Sources */ = {isa = PBXBuildFile; fileRef = EEC40BCE18E93DF60090F346 /* WhiteCar.m */; };
		EEC40BD218E93E340090F346 /* AbstractCarFactory.m in Sources */ = {isa = PBXBuildFile; fileRef = EEC40BD118E93E340090F346 /* AbstractCarFactory.m */; };
		EEC40BD518E948280090F346 /* AbstractCar.m in Sources */ = {isa = PBXBuildFile; fileRef = EEC40BD418E948280090F346 /* AbstractCar.m */; };
		EEC9B75718EE856A00E7D1D7 /* LeoDirector.m in Sources */ = {isa = PBXBuildFile; fileRef = EEC9B75618EE856A00E7D1D7 /* LeoDirector.m */; };
		EEC9B75A18EE858300E7D1D7 /* LeoAbstractBuilder.m in Sources */ = {isa = PBXBuildFile; fileRef = EEC9B75918EE858300E7D1D7 /* LeoAbstractBuilder.m */; };
		EEC9B75D18EE859C00E7D1D7 /* LeoBuilder.m in Sources */ = {isa = PBXBuildFile; fileRef = EEC9B75C18EE859C00E7D1D7 /* LeoBuilder.m */; };
		EEC9B76018EE862100E7D1D7 /* LeoChemicalTest.m in Sources */ = {isa = PBXBuildFile; fileRef = EEC9B75F18EE862100E7D1D7 /* LeoChemicalTest.m */; };
		EEC9B76318EE8B2600E7D1D7 /* LeoAbstractChemicalDrug.m in Sources */ = {isa = PBXBuildFile; fileRef = EEC9B76218EE8B2600E7D1D7 /* LeoAbstractChemicalDrug.m */; };
/* End PBXBuildFile section */

/* Begin PBXFileReference section */
		EE0DE8A31783EBB000693C77 /* HelloGit.app */ = {isa = PBXFileReference; explicitFileType = wrapper.application; includeInIndex = 0; path = HelloGit.app; sourceTree = BUILT_PRODUCTS_DIR; };
		EE0DE8A61783EBB000693C77 /* UIKit.framework */ = {isa = PBXFileReference; lastKnownFileType = wrapper.framework; name = UIKit.framework; path = System/Library/Frameworks/UIKit.framework; sourceTree = SDKROOT; };
		EE0DE8A81783EBB000693C77 /* Foundation.framework */ = {isa = PBXFileReference; lastKnownFileType = wrapper.framework; name = Foundation.framework; path = System/Library/Frameworks/Foundation.framework; sourceTree = SDKROOT; };
		EE0DE8AA1783EBB000693C77 /* CoreGraphics.framework */ = {isa = PBXFileReference; lastKnownFileType = wrapper.framework; name = CoreGraphics.framework; path = System/Library/Frameworks/CoreGraphics.framework; sourceTree = SDKROOT; };
		EE0DE8AE1783EBB000693C77 /* HelloGit-Info.plist */ = {isa = PBXFileReference; lastKnownFileType = text.plist.xml; path = "HelloGit-Info.plist"; sourceTree = "<group>"; };
		EE0DE8B01783EBB000693C77 /* en */ = {isa = PBXFileReference; lastKnownFileType = text.plist.strings; name = en; path = en.lproj/InfoPlist.strings; sourceTree = "<group>"; };
		EE0DE8B21783EBB000693C77 /* main.m */ = {isa = PBXFileReference; lastKnownFileType = sourcecode.c.objc; path = main.m; sourceTree = "<group>"; };
		EE0DE8B41783EBB000693C77 /* HelloGit-Prefix.pch */ = {isa = PBXFileReference; lastKnownFileType = sourcecode.c.h; path = "HelloGit-Prefix.pch"; sourceTree = "<group>"; };
		EE0DE8B51783EBB000693C77 /* AppDelegate.h */ = {isa = PBXFileReference; lastKnownFileType = sourcecode.c.h; path = AppDelegate.h; sourceTree = "<group>"; };
		EE0DE8B61783EBB000693C77 /* AppDelegate.m */ = {isa = PBXFileReference; lastKnownFileType = sourcecode.c.objc; path = AppDelegate.m; sourceTree = "<group>"; };
		EE0DE8B81783EBB000693C77 /* Default.png */ = {isa = PBXFileReference; lastKnownFileType = image.png; path = Default.png; sourceTree = "<group>"; };
		EE0DE8BA1783EBB000693C77 /* Default@2x.png */ = {isa = PBXFileReference; lastKnownFileType = image.png; path = "Default@2x.png"; sourceTree = "<group>"; };
		EE0DE8BC1783EBB000693C77 /* Default-568h@2x.png */ = {isa = PBXFileReference; lastKnownFileType = image.png; path = "Default-568h@2x.png"; sourceTree = "<group>"; };
		EE0DE8BE1783EBB000693C77 /* ViewController.h */ = {isa = PBXFileReference; lastKnownFileType = sourcecode.c.h; path = ViewController.h; sourceTree = "<group>"; };
		EE0DE8BF1783EBB000693C77 /* ViewController.m */ = {isa = PBXFileReference; lastKnownFileType = sourcecode.c.objc; path = ViewController.m; sourceTree = "<group>"; };
		EE0DE8C21783EBB000693C77 /* en */ = {isa = PBXFileReference; lastKnownFileType = file.xib; name = en; path = en.lproj/ViewController_iPhone.xib; sourceTree = "<group>"; };
		EE0DE8C51783EBB000693C77 /* en */ = {isa = PBXFileReference; lastKnownFileType = file.xib; name = en; path = en.lproj/ViewController_iPad.xib; sourceTree = "<group>"; };
		EE3E835518C89279007D351F /* NSString+Symbol.h */ = {isa = PBXFileReference; fileEncoding = 4; lastKnownFileType = sourcecode.c.h; path = "NSString+Symbol.h"; sourceTree = "<group>"; };
		EE3E835618C89279007D351F /* NSString+Symbol.m */ = {isa = PBXFileReference; fileEncoding = 4; lastKnownFileType = sourcecode.c.objc; path = "NSString+Symbol.m"; sourceTree = "<group>"; };
		EE50AEAB18FFAE7A005E1C6C /* LeoBook.h */ = {isa = PBXFileReference; fileEncoding = 4; lastKnownFileType = sourcecode.c.h; path = LeoBook.h; sourceTree = "<group>"; };
		EE50AEAC18FFAE7A005E1C6C /* LeoBook.m */ = {isa = PBXFileReference; fileEncoding = 4; lastKnownFileType = sourcecode.c.objc; path = LeoBook.m; sourceTree = "<group>"; };
		EE573AA718E1490000F67FE7 /* LeoSingleton.h */ = {isa = PBXFileReference; fileEncoding = 4; lastKnownFileType = sourcecode.c.h; path = LeoSingleton.h; sourceTree = "<group>"; };
		EE573AA818E1490000F67FE7 /* LeoSingleton.m */ = {isa = PBXFileReference; fileEncoding = 4; lastKnownFileType = sourcecode.c.objc; path = LeoSingleton.m; sourceTree = "<group>"; };
		EE573AAB18E16C7400F67FE7 /* LeoDelegate.h */ = {isa = PBXFileReference; fileEncoding = 4; lastKnownFileType = sourcecode.c.h; path = LeoDelegate.h; sourceTree = "<group>"; };
		EE573AAC18E16C7400F67FE7 /* LeoDelegate.m */ = {isa = PBXFileReference; fileEncoding = 4; lastKnownFileType = sourcecode.c.objc; path = LeoDelegate.m; sourceTree = "<group>"; };
		EE9A9E7818FB7E360095C315 /* AbstractorLayParty.h */ = {isa = PBXFileReference; fileEncoding = 4; lastKnownFileType = sourcecode.c.h; path = AbstractorLayParty.h; sourceTree = "<group>"; };
		EE9A9E7918FB7E360095C315 /* AbstractorLayParty.m */ = {isa = PBXFileReference; fileEncoding = 4; lastKnownFileType = sourcecode.c.objc; path = AbstractorLayParty.m; sourceTree = "<group>"; };
		EE9A9E7B18FB7F3F0095C315 /* LeoAccuser.h */ = {isa = PBXFileReference; fileEncoding = 4; lastKnownFileType = sourcecode.c.h; path = LeoAccuser.h; sourceTree = "<group>"; };
		EE9A9E7C18FB7F3F0095C315 /* LeoAccuser.m */ = {isa = PBXFileReference; fileEncoding = 4; lastKnownFileType = sourcecode.c.objc; path = LeoAccuser.m; sourceTree = "<group>"; };
		EE9A9E7E18FB7F960095C315 /* LeoDefendant.h */ = {isa = PBXFileReference; fileEncoding = 4; lastKnownFileType = sourcecode.c.h; path = LeoDefendant.h; sourceTree = "<group>"; };
		EE9A9E7F18FB7F960095C315 /* LeoDefendant.m */ = {isa = PBXFileReference; fileEncoding = 4; lastKnownFileType = sourcecode.c.objc; path = LeoDefendant.m; sourceTree = "<group>"; };
		EE9A9E8118FB7FB20095C315 /* LeoLawyer.h */ = {isa = PBXFileReference; fileEncoding = 4; lastKnownFileType = sourcecode.c.h; path = LeoLawyer.h; sourceTree = "<group>"; };
		EE9A9E8218FB7FB20095C315 /* LeoLawyer.m */ = {isa = PBXFileReference; fileEncoding = 4; lastKnownFileType = sourcecode.c.objc; path = LeoLawyer.m; sourceTree = "<group>"; };
		EEC40BCA18E93DD10090F346 /* WhiteCarFactory.h */ = {isa = PBXFileReference; fileEncoding = 4; lastKnownFileType = sourcecode.c.h; path = WhiteCarFactory.h; sourceTree = "<group>"; };
		EEC40BCB18E93DD10090F346 /* WhiteCarFactory.m */ = {isa = PBXFileReference; fileEncoding = 4; lastKnownFileType = sourcecode.c.objc; path = WhiteCarFactory.m; sourceTree = "<group>"; };
		EEC40BCD18E93DF60090F346 /* WhiteCar.h */ = {isa = PBXFileReference; fileEncoding = 4; lastKnownFileType = sourcecode.c.h; path = WhiteCar.h; sourceTree = "<group>"; };
		EEC40BCE18E93DF60090F346 /* WhiteCar.m */ = {isa = PBXFileReference; fileEncoding = 4; lastKnownFileType = sourcecode.c.objc; path = WhiteCar.m; sourceTree = "<group>"; };
		EEC40BD018E93E340090F346 /* AbstractCarFactory.h */ = {isa = PBXFileReference; fileEncoding = 4; lastKnownFileType = sourcecode.c.h; path = AbstractCarFactory.h; sourceTree = "<group>"; };
		EEC40BD118E93E340090F346 /* AbstractCarFactory.m */ = {isa = PBXFileReference; fileEncoding = 4; lastKnownFileType = sourcecode.c.objc; path = AbstractCarFactory.m; sourceTree = "<group>"; };
		EEC40BD318E948280090F346 /* AbstractCar.h */ = {isa = PBXFileReference; fileEncoding = 4; lastKnownFileType = sourcecode.c.h; path = AbstractCar.h; sourceTree = "<group>"; };
		EEC40BD418E948280090F346 /* AbstractCar.m */ = {isa = PBXFileReference; fileEncoding = 4; lastKnownFileType = sourcecode.c.objc; path = AbstractCar.m; sourceTree = "<group>"; };
		EEC9B75518EE856A00E7D1D7 /* LeoDirector.h */ = {isa = PBXFileReference; fileEncoding = 4; lastKnownFileType = sourcecode.c.h; path = LeoDirector.h; sourceTree = "<group>"; };
		EEC9B75618EE856A00E7D1D7 /* LeoDirector.m */ = {isa = PBXFileReference; fileEncoding = 4; lastKnownFileType = sourcecode.c.objc; path = LeoDirector.m; sourceTree = "<group>"; };
		EEC9B75818EE858300E7D1D7 /* LeoAbstractBuilder.h */ = {isa = PBXFileReference; fileEncoding = 4; lastKnownFileType = sourcecode.c.h; path = LeoAbstractBuilder.h; sourceTree = "<group>"; };
		EEC9B75918EE858300E7D1D7 /* LeoAbstractBuilder.m */ = {isa = PBXFileReference; fileEncoding = 4; lastKnownFileType = sourcecode.c.objc; path = LeoAbstractBuilder.m; sourceTree = "<group>"; };
		EEC9B75B18EE859C00E7D1D7 /* LeoBuilder.h */ = {isa = PBXFileReference; fileEncoding = 4; lastKnownFileType = sourcecode.c.h; path = LeoBuilder.h; sourceTree = "<group>"; };
		EEC9B75C18EE859C00E7D1D7 /* LeoBuilder.m */ = {isa = PBXFileReference; fileEncoding = 4; lastKnownFileType = sourcecode.c.objc; path = LeoBuilder.m; sourceTree = "<group>"; };
		EEC9B75E18EE862100E7D1D7 /* LeoChemicalTest.h */ = {isa = PBXFileReference; fileEncoding = 4; lastKnownFileType = sourcecode.c.h; path = LeoChemicalTest.h; sourceTree = "<group>"; };
		EEC9B75F18EE862100E7D1D7 /* LeoChemicalTest.m */ = {isa = PBXFileReference; fileEncoding = 4; lastKnownFileType = sourcecode.c.objc; path = LeoChemicalTest.m; sourceTree = "<group>"; };
		EEC9B76118EE8B2600E7D1D7 /* LeoAbstractChemicalDrug.h */ = {isa = PBXFileReference; fileEncoding = 4; lastKnownFileType = sourcecode.c.h; path = LeoAbstractChemicalDrug.h; sourceTree = "<group>"; };
		EEC9B76218EE8B2600E7D1D7 /* LeoAbstractChemicalDrug.m */ = {isa = PBXFileReference; fileEncoding = 4; lastKnownFileType = sourcecode.c.objc; path = LeoAbstractChemicalDrug.m; sourceTree = "<group>"; };
/* End PBXFileReference section */

/* Begin PBXFrameworksBuildPhase section */
		EE0DE8A01783EBB000693C77 /* Frameworks */ = {
			isa = PBXFrameworksBuildPhase;
			buildActionMask = 2147483647;
			files = (
				EE0DE8A71783EBB000693C77 /* UIKit.framework in Frameworks */,
				EE0DE8A91783EBB000693C77 /* Foundation.framework in Frameworks */,
				EE0DE8AB1783EBB000693C77 /* CoreGraphics.framework in Frameworks */,
			);
			runOnlyForDeploymentPostprocessing = 0;
		};
/* End PBXFrameworksBuildPhase section */

/* Begin PBXGroup section */
		EE0DE89A1783EBB000693C77 = {
			isa = PBXGroup;
			children = (
				EE0DE8AC1783EBB000693C77 /* HelloGit */,
				EE0DE8A51783EBB000693C77 /* Frameworks */,
				EE0DE8A41783EBB000693C77 /* Products */,
			);
			sourceTree = "<group>";
		};
		EE0DE8A41783EBB000693C77 /* Products */ = {
			isa = PBXGroup;
			children = (
				EE0DE8A31783EBB000693C77 /* HelloGit.app */,
			);
			name = Products;
			sourceTree = "<group>";
		};
		EE0DE8A51783EBB000693C77 /* Frameworks */ = {
			isa = PBXGroup;
			children = (
				EE0DE8A61783EBB000693C77 /* UIKit.framework */,
				EE0DE8A81783EBB000693C77 /* Foundation.framework */,
				EE0DE8AA1783EBB000693C77 /* CoreGraphics.framework */,
			);
			name = Frameworks;
			sourceTree = "<group>";
		};
		EE0DE8AC1783EBB000693C77 /* HelloGit */ = {
			isa = PBXGroup;
			children = (
				EE573AA518E148AF00F67FE7 /* DesignPattern */,
				EE0DE8B51783EBB000693C77 /* AppDelegate.h */,
				EE0DE8B61783EBB000693C77 /* AppDelegate.m */,
				EE0DE8BE1783EBB000693C77 /* ViewController.h */,
				EE0DE8BF1783EBB000693C77 /* ViewController.m */,
				EE0DE8C11783EBB000693C77 /* ViewController_iPhone.xib */,
				EE0DE8C41783EBB000693C77 /* ViewController_iPad.xib */,
				EE0DE8AD1783EBB000693C77 /* Supporting Files */,
				EE3E835518C89279007D351F /* NSString+Symbol.h */,
				EE3E835618C89279007D351F /* NSString+Symbol.m */,
			);
			path = HelloGit;
			sourceTree = "<group>";
		};
		EE0DE8AD1783EBB000693C77 /* Supporting Files */ = {
			isa = PBXGroup;
			children = (
				EE0DE8AE1783EBB000693C77 /* HelloGit-Info.plist */,
				EE0DE8AF1783EBB000693C77 /* InfoPlist.strings */,
				EE0DE8B21783EBB000693C77 /* main.m */,
				EE0DE8B41783EBB000693C77 /* HelloGit-Prefix.pch */,
				EE0DE8B81783EBB000693C77 /* Default.png */,
				EE0DE8BA1783EBB000693C77 /* Default@2x.png */,
				EE0DE8BC1783EBB000693C77 /* Default-568h@2x.png */,
			);
			name = "Supporting Files";
			sourceTree = "<group>";
		};
		EE50AEAA18FFAE47005E1C6C /* Prototype */ = {
			isa = PBXGroup;
			children = (
				EE50AEAB18FFAE7A005E1C6C /* LeoBook.h */,
				EE50AEAC18FFAE7A005E1C6C /* LeoBook.m */,
			);
			name = Prototype;
			sourceTree = "<group>";
		};
		EE573AA518E148AF00F67FE7 /* DesignPattern */ = {
			isa = PBXGroup;
			children = (
				EE50AEAA18FFAE47005E1C6C /* Prototype */,
				EE9A9E7718FB7D260095C315 /* Proxy */,
				EEC9B75418EE852F00E7D1D7 /* Builder */,
				EEC40BC918E93CE10090F346 /* Factory */,
				EE573AAA18E16C5300F67FE7 /* Delegate */,
				EE573AA618E148C900F67FE7 /* Singleton */,
			);
			name = DesignPattern;
			sourceTree = "<group>";
		};
		EE573AA618E148C900F67FE7 /* Singleton */ = {
			isa = PBXGroup;
			children = (
				EE573AA718E1490000F67FE7 /* LeoSingleton.h */,
				EE573AA818E1490000F67FE7 /* LeoSingleton.m */,
			);
			name = Singleton;
			sourceTree = "<group>";
		};
		EE573AAA18E16C5300F67FE7 /* Delegate */ = {
			isa = PBXGroup;
			children = (
				EE573AAB18E16C7400F67FE7 /* LeoDelegate.h */,
				EE573AAC18E16C7400F67FE7 /* LeoDelegate.m */,
			);
			name = Delegate;
			sourceTree = "<group>";
		};
		EE9A9E7718FB7D260095C315 /* Proxy */ = {
			isa = PBXGroup;
			children = (
				EE9A9E7818FB7E360095C315 /* AbstractorLayParty.h */,
				EE9A9E7918FB7E360095C315 /* AbstractorLayParty.m */,
				EE9A9E7B18FB7F3F0095C315 /* LeoAccuser.h */,
				EE9A9E7C18FB7F3F0095C315 /* LeoAccuser.m */,
				EE9A9E7E18FB7F960095C315 /* LeoDefendant.h */,
				EE9A9E7F18FB7F960095C315 /* LeoDefendant.m */,
				EE9A9E8118FB7FB20095C315 /* LeoLawyer.h */,
				EE9A9E8218FB7FB20095C315 /* LeoLawyer.m */,
			);
			name = Proxy;
			sourceTree = "<group>";
		};
		EEC40BC918E93CE10090F346 /* Factory */ = {
			isa = PBXGroup;
			children = (
				EEC40BCA18E93DD10090F346 /* WhiteCarFactory.h */,
				EEC40BCB18E93DD10090F346 /* WhiteCarFactory.m */,
				EEC40BCD18E93DF60090F346 /* WhiteCar.h */,
				EEC40BCE18E93DF60090F346 /* WhiteCar.m */,
				EEC40BD018E93E340090F346 /* AbstractCarFactory.h */,
				EEC40BD118E93E340090F346 /* AbstractCarFactory.m */,
				EEC40BD318E948280090F346 /* AbstractCar.h */,
				EEC40BD418E948280090F346 /* AbstractCar.m */,
			);
			name = Factory;
			sourceTree = "<group>";
		};
		EEC9B75418EE852F00E7D1D7 /* Builder */ = {
			isa = PBXGroup;
			children = (
				EEC9B75518EE856A00E7D1D7 /* LeoDirector.h */,
				EEC9B75618EE856A00E7D1D7 /* LeoDirector.m */,
				EEC9B75818EE858300E7D1D7 /* LeoAbstractBuilder.h */,
				EEC9B75918EE858300E7D1D7 /* LeoAbstractBuilder.m */,
				EEC9B75B18EE859C00E7D1D7 /* LeoBuilder.h */,
				EEC9B75C18EE859C00E7D1D7 /* LeoBuilder.m */,
				EEC9B75E18EE862100E7D1D7 /* LeoChemicalTest.h */,
				EEC9B75F18EE862100E7D1D7 /* LeoChemicalTest.m */,
				EEC9B76118EE8B2600E7D1D7 /* LeoAbstractChemicalDrug.h */,
				EEC9B76218EE8B2600E7D1D7 /* LeoAbstractChemicalDrug.m */,
			);
			name = Builder;
			sourceTree = "<group>";
		};
/* End PBXGroup section */

/* Begin PBXNativeTarget section */
		EE0DE8A21783EBB000693C77 /* HelloGit */ = {
			isa = PBXNativeTarget;
			buildConfigurationList = EE0DE8C91783EBB000693C77 /* Build configuration list for PBXNativeTarget "HelloGit" */;
			buildPhases = (
				EE0DE89F1783EBB000693C77 /* Sources */,
				EE0DE8A01783EBB000693C77 /* Frameworks */,
				EE0DE8A11783EBB000693C77 /* Resources */,
			);
			buildRules = (
			);
			dependencies = (
			);
			name = HelloGit;
			productName = HelloGit;
			productReference = EE0DE8A31783EBB000693C77 /* HelloGit.app */;
			productType = "com.apple.product-type.application";
		};
/* End PBXNativeTarget section */

/* Begin PBXProject section */
		EE0DE89B1783EBB000693C77 /* Project object */ = {
			isa = PBXProject;
			attributes = {
				LastUpgradeCheck = 0460;
				ORGANIZATIONNAME = "Zhang, Sparkfire L.";
			};
			buildConfigurationList = EE0DE89E1783EBB000693C77 /* Build configuration list for PBXProject "HelloGit" */;
			compatibilityVersion = "Xcode 3.2";
			developmentRegion = English;
			hasScannedForEncodings = 0;
			knownRegions = (
				en,
			);
			mainGroup = EE0DE89A1783EBB000693C77;
			productRefGroup = EE0DE8A41783EBB000693C77 /* Products */;
			projectDirPath = "";
			projectRoot = "";
			targets = (
				EE0DE8A21783EBB000693C77 /* HelloGit */,
			);
		};
/* End PBXProject section */

/* Begin PBXResourcesBuildPhase section */
		EE0DE8A11783EBB000693C77 /* Resources */ = {
			isa = PBXResourcesBuildPhase;
			buildActionMask = 2147483647;
			files = (
				EE0DE8B11783EBB000693C77 /* InfoPlist.strings in Resources */,
				EE0DE8B91783EBB000693C77 /* Default.png in Resources */,
				EE0DE8BB1783EBB000693C77 /* Default@2x.png in Resources */,
				EE0DE8BD1783EBB000693C77 /* Default-568h@2x.png in Resources */,
				EE0DE8C31783EBB000693C77 /* ViewController_iPhone.xib in Resources */,
				EE0DE8C61783EBB000693C77 /* ViewController_iPad.xib in Resources */,
			);
			runOnlyForDeploymentPostprocessing = 0;
		};
/* End PBXResourcesBuildPhase section */

/* Begin PBXSourcesBuildPhase section */
		EE0DE89F1783EBB000693C77 /* Sources */ = {
			isa = PBXSourcesBuildPhase;
			buildActionMask = 2147483647;
			files = (
				EE0DE8B31783EBB000693C77 /* main.m in Sources */,
				EE573AA918E1490000F67FE7 /* LeoSingleton.m in Sources */,
				EEC9B76018EE862100E7D1D7 /* LeoChemicalTest.m in Sources */,
				EE9A9E7D18FB7F3F0095C315 /* LeoAccuser.m in Sources */,
				EEC9B75A18EE858300E7D1D7 /* LeoAbstractBuilder.m in Sources */,
				EEC40BD518E948280090F346 /* AbstractCar.m in Sources */,
				EE9A9E8018FB7F960095C315 /* LeoDefendant.m in Sources */,
				EE3E835718C89279007D351F /* NSString+Symbol.m in Sources */,
				EEC9B75718EE856A00E7D1D7 /* LeoDirector.m in Sources */,
				EEC40BCC18E93DD10090F346 /* WhiteCarFactory.m in Sources */,
				EEC9B75D18EE859C00E7D1D7 /* LeoBuilder.m in Sources */,
				EE50AEAD18FFAE7A005E1C6C /* LeoBook.m in Sources */,
				EEC40BD218E93E340090F346 /* AbstractCarFactory.m in Sources */,
				EE9A9E7A18FB7E360095C315 /* AbstractorLayParty.m in Sources */,
				EEC9B76318EE8B2600E7D1D7 /* LeoAbstractChemicalDrug.m in Sources */,
				EE9A9E8318FB7FB20095C315 /* LeoLawyer.m in Sources */,
				EEC40BCF18E93DF60090F346 /* WhiteCar.m in Sources */,
				EE0DE8B71783EBB000693C77 /* AppDelegate.m in Sources */,
				EE0DE8C01783EBB000693C77 /* ViewController.m in Sources */,
				EE573AAD18E16C7400F67FE7 /* LeoDelegate.m in Sources */,
			);
			runOnlyForDeploymentPostprocessing = 0;
		};
/* End PBXSourcesBuildPhase section */

/* Begin PBXVariantGroup section */
		EE0DE8AF1783EBB000693C77 /* InfoPlist.strings */ = {
			isa = PBXVariantGroup;
			children = (
				EE0DE8B01783EBB000693C77 /* en */,
			);
			name = InfoPlist.strings;
			sourceTree = "<group>";
		};
		EE0DE8C11783EBB000693C77 /* ViewController_iPhone.xib */ = {
			isa = PBXVariantGroup;
			children = (
				EE0DE8C21783EBB000693C77 /* en */,
			);
			name = ViewController_iPhone.xib;
			sourceTree = "<group>";
		};
		EE0DE8C41783EBB000693C77 /* ViewController_iPad.xib */ = {
			isa = PBXVariantGroup;
			children = (
				EE0DE8C51783EBB000693C77 /* en */,
			);
			name = ViewController_iPad.xib;
			sourceTree = "<group>";
		};
/* End PBXVariantGroup section */

/* Begin XCBuildConfiguration section */
		EE0DE8C71783EBB000693C77 /* Debug */ = {
			isa = XCBuildConfiguration;
			buildSettings = {
				ALWAYS_SEARCH_USER_PATHS = NO;
				CLANG_CXX_LANGUAGE_STANDARD = "gnu++0x";
				CLANG_CXX_LIBRARY = "libc++";
				CLANG_WARN_CONSTANT_CONVERSION = YES;
				CLANG_WARN_EMPTY_BODY = YES;
				CLANG_WARN_ENUM_CONVERSION = YES;
				CLANG_WARN_INT_CONVERSION = YES;
				CLANG_WARN__DUPLICATE_METHOD_MATCH = YES;
				"CODE_SIGN_IDENTITY[sdk=iphoneos*]" = "iPhone Developer";
				COPY_PHASE_STRIP = NO;
				GCC_C_LANGUAGE_STANDARD = gnu99;
				GCC_DYNAMIC_NO_PIC = NO;
				GCC_OPTIMIZATION_LEVEL = 0;
				GCC_PREPROCESSOR_DEFINITIONS = (
					"DEBUG=1",
					"$(inherited)",
				);
				GCC_SYMBOLS_PRIVATE_EXTERN = NO;
				GCC_WARN_ABOUT_RETURN_TYPE = YES;
				GCC_WARN_UNINITIALIZED_AUTOS = YES;
				GCC_WARN_UNUSED_VARIABLE = YES;
				IPHONEOS_DEPLOYMENT_TARGET = 6.1;
				ONLY_ACTIVE_ARCH = YES;
				SDKROOT = iphoneos;
				TARGETED_DEVICE_FAMILY = "1,2";
			};
			name = Debug;
		};
		EE0DE8C81783EBB000693C77 /* Release */ = {
			isa = XCBuildConfiguration;
			buildSettings = {
				ALWAYS_SEARCH_USER_PATHS = NO;
				CLANG_CXX_LANGUAGE_STANDARD = "gnu++0x";
				CLANG_CXX_LIBRARY = "libc++";
				CLANG_WARN_CONSTANT_CONVERSION = YES;
				CLANG_WARN_EMPTY_BODY = YES;
				CLANG_WARN_ENUM_CONVERSION = YES;
				CLANG_WARN_INT_CONVERSION = YES;
				CLANG_WARN__DUPLICATE_METHOD_MATCH = YES;
				"CODE_SIGN_IDENTITY[sdk=iphoneos*]" = "iPhone Developer";
				COPY_PHASE_STRIP = YES;
				GCC_C_LANGUAGE_STANDARD = gnu99;
				GCC_WARN_ABOUT_RETURN_TYPE = YES;
				GCC_WARN_UNINITIALIZED_AUTOS = YES;
				GCC_WARN_UNUSED_VARIABLE = YES;
				IPHONEOS_DEPLOYMENT_TARGET = 6.1;
				OTHER_CFLAGS = "-DNS_BLOCK_ASSERTIONS=1";
				SDKROOT = iphoneos;
				TARGETED_DEVICE_FAMILY = "1,2";
				VALIDATE_PRODUCT = YES;
			};
			name = Release;
		};
		EE0DE8CA1783EBB000693C77 /* Debug */ = {
			isa = XCBuildConfiguration;
			buildSettings = {
				CLANG_ENABLE_OBJC_ARC = NO;
				GCC_PRECOMPILE_PREFIX_HEADER = YES;
				GCC_PREFIX_HEADER = "HelloGit/HelloGit-Prefix.pch";
				INFOPLIST_FILE = "HelloGit/HelloGit-Info.plist";
				PRODUCT_NAME = "$(TARGET_NAME)";
				WRAPPER_EXTENSION = app;
			};
			name = Debug;
		};
		EE0DE8CB1783EBB000693C77 /* Release */ = {
			isa = XCBuildConfiguration;
			buildSettings = {
				CLANG_ENABLE_OBJC_ARC = NO;
				GCC_PRECOMPILE_PREFIX_HEADER = YES;
				GCC_PREFIX_HEADER = "HelloGit/HelloGit-Prefix.pch";
				INFOPLIST_FILE = "HelloGit/HelloGit-Info.plist";
				PRODUCT_NAME = "$(TARGET_NAME)";
				WRAPPER_EXTENSION = app;
			};
			name = Release;
		};
/* End XCBuildConfiguration section */

/* Begin XCConfigurationList section */
		EE0DE89E1783EBB000693C77 /* Build configuration list for PBXProject "HelloGit" */ = {
			isa = XCConfigurationList;
			buildConfigurations = (
				EE0DE8C71783EBB000693C77 /* Debug */,
				EE0DE8C81783EBB000693C77 /* Release */,
			);
			defaultConfigurationIsVisible = 0;
			defaultConfigurationName = Release;
		};
		EE0DE8C91783EBB000693C77 /* Build configuration list for PBXNativeTarget "HelloGit" */ = {
			isa = XCConfigurationList;
			buildConfigurations = (
				EE0DE8CA1783EBB000693C77 /* Debug */,
				EE0DE8CB1783EBB000693C77 /* Release */,
			);
			defaultConfigurationIsVisible = 0;
			defaultConfigurationName = Release;
		};
/* End XCConfigurationList section */
	};
	rootObject = EE0DE89B1783EBB000693C77 /* Project object */;
}
